// !$*UTF8*$!
{
	archiveVersion = 1;
	classes = {
	};
	objectVersion = 77;
	objects = {

/* Begin PBXContainerItemProxy section */
		6AFAE8932CDB4A6700CA185F /* PBXContainerItemProxy */ = {
			isa = PBXContainerItemProxy;
			containerPortal = 6AFAE87A2CDB4A6600CA185F /* Project object */;
			proxyType = 1;
			remoteGlobalIDString = 6AFAE8812CDB4A6600CA185F;
			remoteInfo = FinnishParlament;
		};
		6AFAE89D2CDB4A6700CA185F /* PBXContainerItemProxy */ = {
			isa = PBXContainerItemProxy;
			containerPortal = 6AFAE87A2CDB4A6600CA185F /* Project object */;
			proxyType = 1;
			remoteGlobalIDString = 6AFAE8812CDB4A6600CA185F;
			remoteInfo = FinnishParlament;
		};
/* End PBXContainerItemProxy section */

/* Begin PBXFileReference section */
		6AFAE8822CDB4A6600CA185F /* FinnishParlament.app */ = {isa = PBXFileReference; explicitFileType = wrapper.application; includeInIndex = 0; path = FinnishParlament.app; sourceTree = BUILT_PRODUCTS_DIR; };
		6AFAE8922CDB4A6700CA185F /* FinnishParlamentTests.xctest */ = {isa = PBXFileReference; explicitFileType = wrapper.cfbundle; includeInIndex = 0; path = FinnishParlamentTests.xctest; sourceTree = BUILT_PRODUCTS_DIR; };
		6AFAE89C2CDB4A6700CA185F /* FinnishParlamentUITests.xctest */ = {isa = PBXFileReference; explicitFileType = wrapper.cfbundle; includeInIndex = 0; path = FinnishParlamentUITests.xctest; sourceTree = BUILT_PRODUCTS_DIR; };
/* End PBXFileReference section */

/* Begin PBXFileSystemSynchronizedRootGroup section */
		6AFAE8842CDB4A6600CA185F /* FinnishParlament */ = {
			isa = PBXFileSystemSynchronizedRootGroup;
			path = FinnishParlament;
			sourceTree = "<group>";
		};
		6AFAE8952CDB4A6700CA185F /* FinnishParlamentTests */ = {
			isa = PBXFileSystemSynchronizedRootGroup;
			path = FinnishParlamentTests;
			sourceTree = "<group>";
		};
		6AFAE89F2CDB4A6700CA185F /* FinnishParlamentUITests */ = {
			isa = PBXFileSystemSynchronizedRootGroup;
			path = FinnishParlamentUITests;
			sourceTree = "<group>";
		};
/* End PBXFileSystemSynchronizedRootGroup section */

/* Begin PBXFrameworksBuildPhase section */
		6AFAE87F2CDB4A6600CA185F /* Frameworks */ = {
			isa = PBXFrameworksBuildPhase;
			buildActionMask = 2147483647;
			files = (
			);
			runOnlyForDeploymentPostprocessing = 0;
		};
		6AFAE88F2CDB4A6700CA185F /* Frameworks */ = {
			isa = PBXFrameworksBuildPhase;
			buildActionMask = 2147483647;
			files = (
			);
			runOnlyForDeploymentPostprocessing = 0;
		};
		6AFAE8992CDB4A6700CA185F /* Frameworks */ = {
			isa = PBXFrameworksBuildPhase;
			buildActionMask = 2147483647;
			files = (
			);
			runOnlyForDeploymentPostprocessing = 0;
		};
/* End PBXFrameworksBuildPhase section */

/* Begin PBXGroup section */
		6AFAE8792CDB4A6600CA185F = {
			isa = PBXGroup;
			children = (
				6AFAE8842CDB4A6600CA185F /* FinnishParlament */,
				6AFAE8952CDB4A6700CA185F /* FinnishParlamentTests */,
				6AFAE89F2CDB4A6700CA185F /* FinnishParlamentUITests */,
				6AFAE8832CDB4A6600CA185F /* Products */,
			);
			sourceTree = "<group>";
		};
		6AFAE8832CDB4A6600CA185F /* Products */ = {
			isa = PBXGroup;
			children = (
				6AFAE8822CDB4A6600CA185F /* FinnishParlament.app */,
				6AFAE8922CDB4A6700CA185F /* FinnishParlamentTests.xctest */,
				6AFAE89C2CDB4A6700CA185F /* FinnishParlamentUITests.xctest */,
			);
			name = Products;
			sourceTree = "<group>";
		};
/* End PBXGroup section */

/* Begin PBXNativeTarget section */
		6AFAE8812CDB4A6600CA185F /* FinnishParlament */ = {
			isa = PBXNativeTarget;
			buildConfigurationList = 6AFAE8A62CDB4A6700CA185F /* Build configuration list for PBXNativeTarget "FinnishParlament" */;
			buildPhases = (
				6AFAE87E2CDB4A6600CA185F /* Sources */,
				6AFAE87F2CDB4A6600CA185F /* Frameworks */,
				6AFAE8802CDB4A6600CA185F /* Resources */,
			);
			buildRules = (
			);
			dependencies = (
			);
			fileSystemSynchronizedGroups = (
				6AFAE8842CDB4A6600CA185F /* FinnishParlament */,
			);
			name = FinnishParlament;
			packageProductDependencies = (
			);
			productName = FinnishParlament;
			productReference = 6AFAE8822CDB4A6600CA185F /* FinnishParlament.app */;
			productType = "com.apple.product-type.application";
		};
		6AFAE8912CDB4A6700CA185F /* FinnishParlamentTests */ = {
			isa = PBXNativeTarget;
			buildConfigurationList = 6AFAE8A92CDB4A6700CA185F /* Build configuration list for PBXNativeTarget "FinnishParlamentTests" */;
			buildPhases = (
				6AFAE88E2CDB4A6700CA185F /* Sources */,
				6AFAE88F2CDB4A6700CA185F /* Frameworks */,
				6AFAE8902CDB4A6700CA185F /* Resources */,
			);
			buildRules = (
			);
			dependencies = (
				6AFAE8942CDB4A6700CA185F /* PBXTargetDependency */,
			);
			fileSystemSynchronizedGroups = (
				6AFAE8952CDB4A6700CA185F /* FinnishParlamentTests */,
			);
			name = FinnishParlamentTests;
			packageProductDependencies = (
			);
			productName = FinnishParlamentTests;
			productReference = 6AFAE8922CDB4A6700CA185F /* FinnishParlamentTests.xctest */;
			productType = "com.apple.product-type.bundle.unit-test";
		};
		6AFAE89B2CDB4A6700CA185F /* FinnishParlamentUITests */ = {
			isa = PBXNativeTarget;
			buildConfigurationList = 6AFAE8AC2CDB4A6700CA185F /* Build configuration list for PBXNativeTarget "FinnishParlamentUITests" */;
			buildPhases = (
				6AFAE8982CDB4A6700CA185F /* Sources */,
				6AFAE8992CDB4A6700CA185F /* Frameworks */,
				6AFAE89A2CDB4A6700CA185F /* Resources */,
			);
			buildRules = (
			);
			dependencies = (
				6AFAE89E2CDB4A6700CA185F /* PBXTargetDependency */,
			);
			fileSystemSynchronizedGroups = (
				6AFAE89F2CDB4A6700CA185F /* FinnishParlamentUITests */,
			);
			name = FinnishParlamentUITests;
			packageProductDependencies = (
			);
			productName = FinnishParlamentUITests;
			productReference = 6AFAE89C2CDB4A6700CA185F /* FinnishParlamentUITests.xctest */;
			productType = "com.apple.product-type.bundle.ui-testing";
		};
/* End PBXNativeTarget section */

/* Begin PBXProject section */
		6AFAE87A2CDB4A6600CA185F /* Project object */ = {
			isa = PBXProject;
			attributes = {
				BuildIndependentTargetsInParallel = 1;
				LastSwiftUpdateCheck = 1610;
				LastUpgradeCheck = 1610;
				TargetAttributes = {
					6AFAE8812CDB4A6600CA185F = {
						CreatedOnToolsVersion = 16.1;
					};
					6AFAE8912CDB4A6700CA185F = {
						CreatedOnToolsVersion = 16.1;
						TestTargetID = 6AFAE8812CDB4A6600CA185F;
					};
					6AFAE89B2CDB4A6700CA185F = {
						CreatedOnToolsVersion = 16.1;
						TestTargetID = 6AFAE8812CDB4A6600CA185F;
					};
				};
			};
			buildConfigurationList = 6AFAE87D2CDB4A6600CA185F /* Build configuration list for PBXProject "FinnishParlament" */;
			developmentRegion = en;
			hasScannedForEncodings = 0;
			knownRegions = (
				en,
				Base,
			);
			mainGroup = 6AFAE8792CDB4A6600CA185F;
			minimizedProjectReferenceProxies = 1;
			preferredProjectObjectVersion = 77;
			productRefGroup = 6AFAE8832CDB4A6600CA185F /* Products */;
			projectDirPath = "";
			projectRoot = "";
			targets = (
				6AFAE8812CDB4A6600CA185F /* FinnishParlament */,
				6AFAE8912CDB4A6700CA185F /* FinnishParlamentTests */,
				6AFAE89B2CDB4A6700CA185F /* FinnishParlamentUITests */,
			);
		};
/* End PBXProject section */

/* Begin PBXResourcesBuildPhase section */
		6AFAE8802CDB4A6600CA185F /* Resources */ = {
			isa = PBXResourcesBuildPhase;
			buildActionMask = 2147483647;
			files = (
			);
			runOnlyForDeploymentPostprocessing = 0;
		};
		6AFAE8902CDB4A6700CA185F /* Resources */ = {
			isa = PBXResourcesBuildPhase;
			buildActionMask = 2147483647;
			files = (
			);
			runOnlyForDeploymentPostprocessing = 0;
		};
		6AFAE89A2CDB4A6700CA185F /* Resources */ = {
			isa = PBXResourcesBuildPhase;
			buildActionMask = 2147483647;
			files = (
			);
			runOnlyForDeploymentPostprocessing = 0;
		};
/* End PBXResourcesBuildPhase section */

/* Begin PBXSourcesBuildPhase section */
		6AFAE87E2CDB4A6600CA185F /* Sources */ = {
			isa = PBXSourcesBuildPhase;
			buildActionMask = 2147483647;
			files = (
			);
			runOnlyForDeploymentPostprocessing = 0;
		};
		6AFAE88E2CDB4A6700CA185F /* Sources */ = {
			isa = PBXSourcesBuildPhase;
			buildActionMask = 2147483647;
			files = (
			);
			runOnlyForDeploymentPostprocessing = 0;
		};
		6AFAE8982CDB4A6700CA185F /* Sources */ = {
			isa = PBXSourcesBuildPhase;
			buildActionMask = 2147483647;
			files = (
			);
			runOnlyForDeploymentPostprocessing = 0;
		};
/* End PBXSourcesBuildPhase section */

/* Begin PBXTargetDependency section */
		6AFAE8942CDB4A6700CA185F /* PBXTargetDependency */ = {
			isa = PBXTargetDependency;
			target = 6AFAE8812CDB4A6600CA185F /* FinnishParlament */;
			targetProxy = 6AFAE8932CDB4A6700CA185F /* PBXContainerItemProxy */;
		};
		6AFAE89E2CDB4A6700CA185F /* PBXTargetDependency */ = {
			isa = PBXTargetDependency;
			target = 6AFAE8812CDB4A6600CA185F /* FinnishParlament */;
			targetProxy = 6AFAE89D2CDB4A6700CA185F /* PBXContainerItemProxy */;
		};
/* End PBXTargetDependency section */

/* Begin XCBuildConfiguration section */
		6AFAE8A42CDB4A6700CA185F /* Debug */ = {
			isa = XCBuildConfiguration;
			buildSettings = {
				ALWAYS_SEARCH_USER_PATHS = NO;
				ASSETCATALOG_COMPILER_GENERATE_SWIFT_ASSET_SYMBOL_EXTENSIONS = YES;
				CLANG_ANALYZER_NONNULL = YES;
				CLANG_ANALYZER_NUMBER_OBJECT_CONVERSION = YES_AGGRESSIVE;
				CLANG_CXX_LANGUAGE_STANDARD = "gnu++20";
				CLANG_ENABLE_MODULES = YES;
				CLANG_ENABLE_OBJC_ARC = YES;
				CLANG_ENABLE_OBJC_WEAK = YES;
				CLANG_WARN_BLOCK_CAPTURE_AUTORELEASING = YES;
				CLANG_WARN_BOOL_CONVERSION = YES;
				CLANG_WARN_COMMA = YES;
				CLANG_WARN_CONSTANT_CONVERSION = YES;
				CLANG_WARN_DEPRECATED_OBJC_IMPLEMENTATIONS = YES;
				CLANG_WARN_DIRECT_OBJC_ISA_USAGE = YES_ERROR;
				CLANG_WARN_DOCUMENTATION_COMMENTS = YES;
				CLANG_WARN_EMPTY_BODY = YES;
				CLANG_WARN_ENUM_CONVERSION = YES;
				CLANG_WARN_INFINITE_RECURSION = YES;
				CLANG_WARN_INT_CONVERSION = YES;
				CLANG_WARN_NON_LITERAL_NULL_CONVERSION = YES;
				CLANG_WARN_OBJC_IMPLICIT_RETAIN_SELF = YES;
				CLANG_WARN_OBJC_LITERAL_CONVERSION = YES;
				CLANG_WARN_OBJC_ROOT_CLASS = YES_ERROR;
				CLANG_WARN_QUOTED_INCLUDE_IN_FRAMEWORK_HEADER = YES;
				CLANG_WARN_RANGE_LOOP_ANALYSIS = YES;
				CLANG_WARN_STRICT_PROTOTYPES = YES;
				CLANG_WARN_SUSPICIOUS_MOVE = YES;
				CLANG_WARN_UNGUARDED_AVAILABILITY = YES_AGGRESSIVE;
				CLANG_WARN_UNREACHABLE_CODE = YES;
				CLANG_WARN__DUPLICATE_METHOD_MATCH = YES;
				COPY_PHASE_STRIP = NO;
				DEBUG_INFORMATION_FORMAT = dwarf;
				ENABLE_STRICT_OBJC_MSGSEND = YES;
				ENABLE_TESTABILITY = YES;
				ENABLE_USER_SCRIPT_SANDBOXING = YES;
				GCC_C_LANGUAGE_STANDARD = gnu17;
				GCC_DYNAMIC_NO_PIC = NO;
				GCC_NO_COMMON_BLOCKS = YES;
				GCC_OPTIMIZATION_LEVEL = 0;
				GCC_PREPROCESSOR_DEFINITIONS = (
					"DEBUG=1",
					"$(inherited)",
				);
				GCC_WARN_64_TO_32_BIT_CONVERSION = YES;
				GCC_WARN_ABOUT_RETURN_TYPE = YES_ERROR;
				GCC_WARN_UNDECLARED_SELECTOR = YES;
				GCC_WARN_UNINITIALIZED_AUTOS = YES_AGGRESSIVE;
				GCC_WARN_UNUSED_FUNCTION = YES;
				GCC_WARN_UNUSED_VARIABLE = YES;
				IPHONEOS_DEPLOYMENT_TARGET = 18.1;
				LOCALIZATION_PREFERS_STRING_CATALOGS = YES;
				MTL_ENABLE_DEBUG_INFO = INCLUDE_SOURCE;
				MTL_FAST_MATH = YES;
				ONLY_ACTIVE_ARCH = YES;
				SDKROOT = iphoneos;
				SWIFT_ACTIVE_COMPILATION_CONDITIONS = "DEBUG $(inherited)";
				SWIFT_OPTIMIZATION_LEVEL = "-Onone";
			};
			name = Debug;
		};
		6AFAE8A52CDB4A6700CA185F /* Release */ = {
			isa = XCBuildConfiguration;
			buildSettings = {
				ALWAYS_SEARCH_USER_PATHS = NO;
				ASSETCATALOG_COMPILER_GENERATE_SWIFT_ASSET_SYMBOL_EXTENSIONS = YES;
				CLANG_ANALYZER_NONNULL = YES;
				CLANG_ANALYZER_NUMBER_OBJECT_CONVERSION = YES_AGGRESSIVE;
				CLANG_CXX_LANGUAGE_STANDARD = "gnu++20";
				CLANG_ENABLE_MODULES = YES;
				CLANG_ENABLE_OBJC_ARC = YES;
				CLANG_ENABLE_OBJC_WEAK = YES;
				CLANG_WARN_BLOCK_CAPTURE_AUTORELEASING = YES;
				CLANG_WARN_BOOL_CONVERSION = YES;
				CLANG_WARN_COMMA = YES;
				CLANG_WARN_CONSTANT_CONVERSION = YES;
				CLANG_WARN_DEPRECATED_OBJC_IMPLEMENTATIONS = YES;
				CLANG_WARN_DIRECT_OBJC_ISA_USAGE = YES_ERROR;
				CLANG_WARN_DOCUMENTATION_COMMENTS = YES;
				CLANG_WARN_EMPTY_BODY = YES;
				CLANG_WARN_ENUM_CONVERSION = YES;
				CLANG_WARN_INFINITE_RECURSION = YES;
				CLANG_WARN_INT_CONVERSION = YES;
				CLANG_WARN_NON_LITERAL_NULL_CONVERSION = YES;
				CLANG_WARN_OBJC_IMPLICIT_RETAIN_SELF = YES;
				CLANG_WARN_OBJC_LITERAL_CONVERSION = YES;
				CLANG_WARN_OBJC_ROOT_CLASS = YES_ERROR;
				CLANG_WARN_QUOTED_INCLUDE_IN_FRAMEWORK_HEADER = YES;
				CLANG_WARN_RANGE_LOOP_ANALYSIS = YES;
				CLANG_WARN_STRICT_PROTOTYPES = YES;
				CLANG_WARN_SUSPICIOUS_MOVE = YES;
				CLANG_WARN_UNGUARDED_AVAILABILITY = YES_AGGRESSIVE;
				CLANG_WARN_UNREACHABLE_CODE = YES;
				CLANG_WARN__DUPLICATE_METHOD_MATCH = YES;
				COPY_PHASE_STRIP = NO;
				DEBUG_INFORMATION_FORMAT = "dwarf-with-dsym";
				ENABLE_NS_ASSERTIONS = NO;
				ENABLE_STRICT_OBJC_MSGSEND = YES;
				ENABLE_USER_SCRIPT_SANDBOXING = YES;
				GCC_C_LANGUAGE_STANDARD = gnu17;
				GCC_NO_COMMON_BLOCKS = YES;
				GCC_WARN_64_TO_32_BIT_CONVERSION = YES;
				GCC_WARN_ABOUT_RETURN_TYPE = YES_ERROR;
				GCC_WARN_UNDECLARED_SELECTOR = YES;
				GCC_WARN_UNINITIALIZED_AUTOS = YES_AGGRESSIVE;
				GCC_WARN_UNUSED_FUNCTION = YES;
				GCC_WARN_UNUSED_VARIABLE = YES;
				IPHONEOS_DEPLOYMENT_TARGET = 18.1;
				LOCALIZATION_PREFERS_STRING_CATALOGS = YES;
				MTL_ENABLE_DEBUG_INFO = NO;
				MTL_FAST_MATH = YES;
				SDKROOT = iphoneos;
				SWIFT_COMPILATION_MODE = wholemodule;
				VALIDATE_PRODUCT = YES;
			};
			name = Release;
		};
		6AFAE8A72CDB4A6700CA185F /* Debug */ = {
			isa = XCBuildConfiguration;
			buildSettings = {
				ASSETCATALOG_COMPILER_APPICON_NAME = AppIcon;
				ASSETCATALOG_COMPILER_GLOBAL_ACCENT_COLOR_NAME = AccentColor;
				CODE_SIGN_STYLE = Automatic;
				CURRENT_PROJECT_VERSION = 1;
				DEVELOPMENT_ASSET_PATHS = "\"FinnishParlament/Preview Content\"";
				ENABLE_PREVIEWS = YES;
				GENERATE_INFOPLIST_FILE = YES;
				INFOPLIST_KEY_UIApplicationSceneManifest_Generation = YES;
				INFOPLIST_KEY_UIApplicationSupportsIndirectInputEvents = YES;
				INFOPLIST_KEY_UILaunchScreen_Generation = YES;
				INFOPLIST_KEY_UISupportedInterfaceOrientations_iPad = "UIInterfaceOrientationPortrait UIInterfaceOrientationPortraitUpsideDown UIInterfaceOrientationLandscapeLeft UIInterfaceOrientationLandscapeRight";
				INFOPLIST_KEY_UISupportedInterfaceOrientations_iPhone = "UIInterfaceOrientationPortrait UIInterfaceOrientationLandscapeLeft UIInterfaceOrientationLandscapeRight";
				LD_RUNPATH_SEARCH_PATHS = (
					"$(inherited)",
					"@executable_path/Frameworks",
				);
				MARKETING_VERSION = 1.0;
				PRODUCT_BUNDLE_IDENTIFIER = metropoliaUAS.FinnishParlament;
				PRODUCT_NAME = "$(TARGET_NAME)";
				SWIFT_EMIT_LOC_STRINGS = YES;
				SWIFT_VERSION = 5.0;
				TARGETED_DEVICE_FAMILY = "1,2";
			};
			name = Debug;
		};
		6AFAE8A82CDB4A6700CA185F /* Release */ = {
			isa = XCBuildConfiguration;
			buildSettings = {
				ASSETCATALOG_COMPILER_APPICON_NAME = AppIcon;
				ASSETCATALOG_COMPILER_GLOBAL_ACCENT_COLOR_NAME = AccentColor;
				CODE_SIGN_STYLE = Automatic;
				CURRENT_PROJECT_VERSION = 1;
				DEVELOPMENT_ASSET_PATHS = "\"FinnishParlament/Preview Content\"";
				ENABLE_PREVIEWS = YES;
				GENERATE_INFOPLIST_FILE = YES;
				INFOPLIST_KEY_UIApplicationSceneManifest_Generation = YES;
				INFOPLIST_KEY_UIApplicationSupportsIndirectInputEvents = YES;
				INFOPLIST_KEY_UILaunchScreen_Generation = YES;
				INFOPLIST_KEY_UISupportedInterfaceOrientations_iPad = "UIInterfaceOrientationPortrait UIInterfaceOrientationPortraitUpsideDown UIInterfaceOrientationLandscapeLeft UIInterfaceOrientationLandscapeRight";
				INFOPLIST_KEY_UISupportedInterfaceOrientations_iPhone = "UIInterfaceOrientationPortrait UIInterfaceOrientationLandscapeLeft UIInterfaceOrientationLandscapeRight";
				LD_RUNPATH_SEARCH_PATHS = (
					"$(inherited)",
					"@executable_path/Frameworks",
				);
				MARKETING_VERSION = 1.0;
				PRODUCT_BUNDLE_IDENTIFIER = metropoliaUAS.FinnishParlament;
				PRODUCT_NAME = "$(TARGET_NAME)";
				SWIFT_EMIT_LOC_STRINGS = YES;
				SWIFT_VERSION = 5.0;
				TARGETED_DEVICE_FAMILY = "1,2";
			};
			name = Release;
		};
		6AFAE8AA2CDB4A6700CA185F /* Debug */ = {
			isa = XCBuildConfiguration;
			buildSettings = {
				BUNDLE_LOADER = "$(TEST_HOST)";
				CODE_SIGN_STYLE = Automatic;
				CURRENT_PROJECT_VERSION = 1;
				GENERATE_INFOPLIST_FILE = YES;
				IPHONEOS_DEPLOYMENT_TARGET = 18.1;
				MARKETING_VERSION = 1.0;
				PRODUCT_BUNDLE_IDENTIFIER = metropoliaUAS.FinnishParlamentTests;
				PRODUCT_NAME = "$(TARGET_NAME)";
				SWIFT_EMIT_LOC_STRINGS = NO;
				SWIFT_VERSION = 5.0;
				TARGETED_DEVICE_FAMILY = "1,2";
				TEST_HOST = "$(BUILT_PRODUCTS_DIR)/FinnishParlament.app/$(BUNDLE_EXECUTABLE_FOLDER_PATH)/FinnishParlament";
			};
			name = Debug;
		};
		6AFAE8AB2CDB4A6700CA185F /* Release */ = {
			isa = XCBuildConfiguration;
			buildSettings = {
				BUNDLE_LOADER = "$(TEST_HOST)";
				CODE_SIGN_STYLE = Automatic;
				CURRENT_PROJECT_VERSION = 1;
				GENERATE_INFOPLIST_FILE = YES;
				IPHONEOS_DEPLOYMENT_TARGET = 18.1;
				MARKETING_VERSION = 1.0;
				PRODUCT_BUNDLE_IDENTIFIER = metropoliaUAS.FinnishParlamentTests;
				PRODUCT_NAME = "$(TARGET_NAME)";
				SWIFT_EMIT_LOC_STRINGS = NO;
				SWIFT_VERSION = 5.0;
				TARGETED_DEVICE_FAMILY = "1,2";
				TEST_HOST = "$(BUILT_PRODUCTS_DIR)/FinnishParlament.app/$(BUNDLE_EXECUTABLE_FOLDER_PATH)/FinnishParlament";
			};
			name = Release;
		};
		6AFAE8AD2CDB4A6700CA185F /* Debug */ = {
			isa = XCBuildConfiguration;
			buildSettings = {
				CODE_SIGN_STYLE = Automatic;
				CURRENT_PROJECT_VERSION = 1;
				GENERATE_INFOPLIST_FILE = YES;
				MARKETING_VERSION = 1.0;
				PRODUCT_BUNDLE_IDENTIFIER = metropoliaUAS.FinnishParlamentUITests;
				PRODUCT_NAME = "$(TARGET_NAME)";
				SWIFT_EMIT_LOC_STRINGS = NO;
				SWIFT_VERSION = 5.0;
				TARGETED_DEVICE_FAMILY = "1,2";
				TEST_TARGET_NAME = FinnishParlament;
			};
			name = Debug;
		};
		6AFAE8AE2CDB4A6700CA185F /* Release */ = {
			isa = XCBuildConfiguration;
			buildSettings = {
				CODE_SIGN_STYLE = Automatic;
				CURRENT_PROJECT_VERSION = 1;
				GENERATE_INFOPLIST_FILE = YES;
				MARKETING_VERSION = 1.0;
				PRODUCT_BUNDLE_IDENTIFIER = metropoliaUAS.FinnishParlamentUITests;
				PRODUCT_NAME = "$(TARGET_NAME)";
				SWIFT_EMIT_LOC_STRINGS = NO;
				SWIFT_VERSION = 5.0;
				TARGETED_DEVICE_FAMILY = "1,2";
				TEST_TARGET_NAME = FinnishParlament;
			};
			name = Release;
		};
/* End XCBuildConfiguration section */

/* Begin XCConfigurationList section */
		6AFAE87D2CDB4A6600CA185F /* Build configuration list for PBXProject "FinnishParlament" */ = {
			isa = XCConfigurationList;
			buildConfigurations = (
				6AFAE8A42CDB4A6700CA185F /* Debug */,
				6AFAE8A52CDB4A6700CA185F /* Release */,
			);
			defaultConfigurationIsVisible = 0;
			defaultConfigurationName = Release;
		};
		6AFAE8A62CDB4A6700CA185F /* Build configuration list for PBXNativeTarget "FinnishParlament" */ = {
			isa = XCConfigurationList;
			buildConfigurations = (
				6AFAE8A72CDB4A6700CA185F /* Debug */,
				6AFAE8A82CDB4A6700CA185F /* Release */,
			);
			defaultConfigurationIsVisible = 0;
			defaultConfigurationName = Release;
		};
		6AFAE8A92CDB4A6700CA185F /* Build configuration list for PBXNativeTarget "FinnishParlamentTests" */ = {
			isa = XCConfigurationList;
			buildConfigurations = (
				6AFAE8AA2CDB4A6700CA185F /* Debug */,
				6AFAE8AB2CDB4A6700CA185F /* Release */,
			);
			defaultConfigurationIsVisible = 0;
			defaultConfigurationName = Release;
		};
		6AFAE8AC2CDB4A6700CA185F /* Build configuration list for PBXNativeTarget "FinnishParlamentUITests" */ = {
			isa = XCConfigurationList;
			buildConfigurations = (
				6AFAE8AD2CDB4A6700CA185F /* Debug */,
				6AFAE8AE2CDB4A6700CA185F /* Release */,
			);
			defaultConfigurationIsVisible = 0;
			defaultConfigurationName = Release;
		};
/* End XCConfigurationList section */
	};
	rootObject = 6AFAE87A2CDB4A6600CA185F /* Project object */;
}
